# THIS IS AN AUTOGENERATED FILE. DO NOT EDIT THIS FILE DIRECTLY.
# yarn lockfile v1


"@esbuild/linux-loong64@0.15.7":
  version "0.15.7"
  resolved "https://registry.yarnpkg.com/@esbuild/linux-loong64/-/linux-loong64-0.15.7.tgz#1ec4af4a16c554cbd402cc557ccdd874e3f7be53"

"@popperjs/core@^2.11.4":
  version "2.11.4"
  resolved "https://registry.npmjs.org/@popperjs/core/-/core-2.11.4.tgz"

"@socket.io/base64-arraybuffer@~1.0.2":
  version "1.0.2"
  resolved "https://registry.npmjs.org/@socket.io/base64-arraybuffer/-/base64-arraybuffer-1.0.2.tgz"

"@socket.io/component-emitter@~3.1.0":
  version "3.1.0"
  resolved "https://registry.npmjs.org/@socket.io/component-emitter/-/component-emitter-3.1.0.tgz"

"@types/component-emitter@^1.2.10":
  version "1.2.11"
  resolved "https://registry.npmjs.org/@types/component-emitter/-/component-emitter-1.2.11.tgz"

"@types/cookie@^0.4.1":
  version "0.4.1"
  resolved "https://registry.npmjs.org/@types/cookie/-/cookie-0.4.1.tgz"

"@types/cors@^2.8.12":
  version "2.8.12"
  resolved "https://registry.npmjs.org/@types/cors/-/cors-2.8.12.tgz"

"@types/node@*":
  version "17.0.7"
  resolved "https://registry.npmjs.org/@types/node/-/node-17.0.7.tgz"

"@types/node@>=10.0.0":
  version "17.0.21"
  resolved "https://registry.npmjs.org/@types/node/-/node-17.0.21.tgz"

"@types/yauzl@^2.9.1":
  version "2.9.2"
  resolved "https://registry.npmjs.org/@types/yauzl/-/yauzl-2.9.2.tgz"
  dependencies:
    "@types/node" "*"

accepts@~1.3.4:
  version "1.3.7"
  resolved "https://registry.npmjs.org/accepts/-/accepts-1.3.7.tgz"
  dependencies:
    mime-types "~2.1.24"
    negotiator "0.6.2"

agent-base@6:
  version "6.0.2"
  resolved "https://registry.npmjs.org/agent-base/-/agent-base-6.0.2.tgz"
  dependencies:
    debug "4"

anchor-js@^4.3.1:
  version "4.3.1"
  resolved "https://registry.npmjs.org/anchor-js/-/anchor-js-4.3.1.tgz"

ansi-regex@^2.0.0:
  version "2.1.1"
  resolved "https://registry.npmjs.org/ansi-regex/-/ansi-regex-2.1.1.tgz"

ansi-regex@^5.0.1:
  version "5.0.1"
  resolved "https://registry.npmjs.org/ansi-regex/-/ansi-regex-5.0.1.tgz"

ansi-styles@^2.2.1:
  version "2.2.1"
  resolved "https://registry.npmjs.org/ansi-styles/-/ansi-styles-2.2.1.tgz"

ansi-styles@^4.0.0, ansi-styles@^4.1.0:
  version "4.3.0"
  resolved "https://registry.npmjs.org/ansi-styles/-/ansi-styles-4.3.0.tgz"
  dependencies:
    color-convert "^2.0.1"

anymatch@~3.1.2:
  version "3.1.2"
  resolved "https://registry.npmjs.org/anymatch/-/anymatch-3.1.2.tgz"
  dependencies:
    normalize-path "^3.0.0"
    picomatch "^2.0.4"

async-each-series@0.1.1:
  version "0.1.1"
  resolved "https://registry.npmjs.org/async-each-series/-/async-each-series-0.1.1.tgz"

async@^2.6.0, async@^2.6.2:
  version "2.6.4"
  resolved "https://registry.npmjs.org/async/-/async-2.6.4.tgz"
  dependencies:
    lodash "^4.17.14"

axios@0.21.4:
  version "0.21.4"
  resolved "https://registry.npmjs.org/axios/-/axios-0.21.4.tgz"
  dependencies:
    follow-redirects "^1.14.0"

balanced-match@^1.0.0:
  version "1.0.2"
  resolved "https://registry.npmjs.org/balanced-match/-/balanced-match-1.0.2.tgz"

base64-js@^1.3.1:
  version "1.5.1"
  resolved "https://registry.npmjs.org/base64-js/-/base64-js-1.5.1.tgz"

base64id@2.0.0, base64id@~2.0.0:
  version "2.0.0"
  resolved "https://registry.npmjs.org/base64id/-/base64id-2.0.0.tgz"

basic-auth@^2.0.1:
  version "2.0.1"
  resolved "https://registry.npmjs.org/basic-auth/-/basic-auth-2.0.1.tgz"
  dependencies:
    safe-buffer "5.1.2"

batch@0.6.1:
  version "0.6.1"
  resolved "https://registry.npmjs.org/batch/-/batch-0.6.1.tgz"

binary-extensions@^2.0.0:
  version "2.2.0"
  resolved "https://registry.npmjs.org/binary-extensions/-/binary-extensions-2.2.0.tgz"

bl@^4.0.3:
  version "4.1.0"
  resolved "https://registry.npmjs.org/bl/-/bl-4.1.0.tgz"
  dependencies:
    buffer "^5.5.0"
    inherits "^2.0.4"
    readable-stream "^3.4.0"

bootstrap@^5.1.3:
  version "5.1.3"
  resolved "https://registry.npmjs.org/bootstrap/-/bootstrap-5.1.3.tgz"

brace-expansion@^1.1.7:
  version "1.1.11"
  resolved "https://registry.npmjs.org/brace-expansion/-/brace-expansion-1.1.11.tgz"
  dependencies:
    balanced-match "^1.0.0"
    concat-map "0.0.1"

braces@^3.0.1, braces@~3.0.2:
  version "3.0.2"
  resolved "https://registry.npmjs.org/braces/-/braces-3.0.2.tgz"
  dependencies:
    fill-range "^7.0.1"

browser-sync-client@^2.27.10:
  version "2.27.10"
  resolved "https://registry.npmjs.org/browser-sync-client/-/browser-sync-client-2.27.10.tgz"
  dependencies:
    etag "1.8.1"
    fresh "0.5.2"
    mitt "^1.1.3"
    rxjs "^5.5.6"
    typescript "^4.6.2"

browser-sync-ui@^2.27.10:
  version "2.27.10"
  resolved "https://registry.npmjs.org/browser-sync-ui/-/browser-sync-ui-2.27.10.tgz"
  dependencies:
    async-each-series "0.1.1"
    connect-history-api-fallback "^1"
    immutable "^3"
    server-destroy "1.0.1"
    socket.io-client "^4.4.1"
    stream-throttle "^0.1.3"

browser-sync@^2.27.9:
  version "2.27.10"
  resolved "https://registry.npmjs.org/browser-sync/-/browser-sync-2.27.10.tgz"
  dependencies:
    browser-sync-client "^2.27.10"
    browser-sync-ui "^2.27.10"
    bs-recipes "1.3.4"
    bs-snippet-injector "^2.0.1"
    chokidar "^3.5.1"
    connect "3.6.6"
    connect-history-api-fallback "^1"
    dev-ip "^1.0.1"
    easy-extender "^2.3.4"
    eazy-logger "3.1.0"
    etag "^1.8.1"
    fresh "^0.5.2"
    fs-extra "3.0.1"
    http-proxy "^1.18.1"
    immutable "^3"
    localtunnel "^2.0.1"
    micromatch "^4.0.2"
    opn "5.3.0"
    portscanner "2.2.0"
    qs "6.2.3"
    raw-body "^2.3.2"
    resp-modifier "6.0.2"
    rx "4.1.0"
    send "0.16.2"
    serve-index "1.9.1"
    serve-static "1.13.2"
    server-destroy "1.0.1"
    socket.io "^4.4.1"
    ua-parser-js "1.0.2"
    yargs "^17.3.1"

bs-recipes@1.3.4:
  version "1.3.4"
  resolved "https://registry.npmjs.org/bs-recipes/-/bs-recipes-1.3.4.tgz"

bs-snippet-injector@^2.0.1:
  version "2.0.1"
  resolved "https://registry.npmjs.org/bs-snippet-injector/-/bs-snippet-injector-2.0.1.tgz"

buffer-crc32@~0.2.3:
  version "0.2.13"
  resolved "https://registry.npmjs.org/buffer-crc32/-/buffer-crc32-0.2.13.tgz"

buffer@^5.2.1, buffer@^5.5.0:
  version "5.7.1"
  resolved "https://registry.npmjs.org/buffer/-/buffer-5.7.1.tgz"
  dependencies:
    base64-js "^1.3.1"
    ieee754 "^1.1.13"

bytes@3.1.1:
  version "3.1.1"
  resolved "https://registry.npmjs.org/bytes/-/bytes-3.1.1.tgz"

call-bind@^1.0.0:
  version "1.0.2"
  resolved "https://registry.npmjs.org/call-bind/-/call-bind-1.0.2.tgz"
  dependencies:
    function-bind "^1.1.1"
    get-intrinsic "^1.0.2"

chalk@^1.1.3:
  version "1.1.3"
  resolved "https://registry.npmjs.org/chalk/-/chalk-1.1.3.tgz"
  dependencies:
    ansi-styles "^2.2.1"
    escape-string-regexp "^1.0.2"
    has-ansi "^2.0.0"
    strip-ansi "^3.0.0"
    supports-color "^2.0.0"

chalk@^4.1.2:
  version "4.1.2"
  resolved "https://registry.npmjs.org/chalk/-/chalk-4.1.2.tgz"
  dependencies:
    ansi-styles "^4.1.0"
    supports-color "^7.1.0"

"chokidar@>=3.0.0 <4.0.0", chokidar@^3.5.1:
  version "3.5.2"
  resolved "https://registry.npmjs.org/chokidar/-/chokidar-3.5.2.tgz"
  dependencies:
    anymatch "~3.1.2"
    braces "~3.0.2"
    glob-parent "~5.1.2"
    is-binary-path "~2.1.0"
    is-glob "~4.0.1"
    normalize-path "~3.0.0"
    readdirp "~3.6.0"
  optionalDependencies:
    fsevents "~2.3.2"

chownr@^1.1.1:
  version "1.1.4"
  resolved "https://registry.npmjs.org/chownr/-/chownr-1.1.4.tgz"

cliui@^7.0.2:
  version "7.0.4"
  resolved "https://registry.npmjs.org/cliui/-/cliui-7.0.4.tgz"
  dependencies:
    string-width "^4.2.0"
    strip-ansi "^6.0.0"
    wrap-ansi "^7.0.0"

color-convert@^2.0.1:
  version "2.0.1"
  resolved "https://registry.npmjs.org/color-convert/-/color-convert-2.0.1.tgz"
  dependencies:
    color-name "~1.1.4"

color-name@~1.1.4:
  version "1.1.4"
  resolved "https://registry.npmjs.org/color-name/-/color-name-1.1.4.tgz"

commander@^2.2.0:
  version "2.20.3"
  resolved "https://registry.npmjs.org/commander/-/commander-2.20.3.tgz"

component-emitter@~1.3.0:
  version "1.3.0"
  resolved "https://registry.npmjs.org/component-emitter/-/component-emitter-1.3.0.tgz"

concat-map@0.0.1:
  version "0.0.1"
  resolved "https://registry.npmjs.org/concat-map/-/concat-map-0.0.1.tgz"

connect-history-api-fallback@^1:
  version "1.6.0"
  resolved "https://registry.npmjs.org/connect-history-api-fallback/-/connect-history-api-fallback-1.6.0.tgz"

connect@3.6.6:
  version "3.6.6"
  resolved "https://registry.npmjs.org/connect/-/connect-3.6.6.tgz"
  dependencies:
    debug "2.6.9"
    finalhandler "1.1.0"
    parseurl "~1.3.2"
    utils-merge "1.0.1"

cookie@~0.4.1:
  version "0.4.1"
  resolved "https://registry.npmjs.org/cookie/-/cookie-0.4.1.tgz"

cors@~2.8.5:
  version "2.8.5"
  resolved "https://registry.npmjs.org/cors/-/cors-2.8.5.tgz"
  dependencies:
    object-assign "^4"
    vary "^1"

corser@^2.0.1:
  version "2.0.1"
  resolved "https://registry.npmjs.org/corser/-/corser-2.0.1.tgz"

cross-fetch@3.1.5:
  version "3.1.5"
  resolved "https://registry.npmjs.org/cross-fetch/-/cross-fetch-3.1.5.tgz"
  dependencies:
    node-fetch "2.6.7"

csstype@^3.0.10:
  version "3.0.11"
  resolved "https://registry.npmjs.org/csstype/-/csstype-3.0.11.tgz"

debug@2.6.9, debug@^2.2.0:
  version "2.6.9"
  resolved "https://registry.npmjs.org/debug/-/debug-2.6.9.tgz"
  dependencies:
    ms "2.0.0"

debug@4, debug@4.3.4, debug@^4.1.1, debug@^4.3.3, debug@~4.3.1, debug@~4.3.2:
  version "4.3.4"
  resolved "https://registry.npmjs.org/debug/-/debug-4.3.4.tgz"
  dependencies:
    ms "2.1.2"

debug@4.3.2:
  version "4.3.2"
  resolved "https://registry.npmjs.org/debug/-/debug-4.3.2.tgz"
  dependencies:
    ms "2.1.2"

debug@^3.1.1:
  version "3.2.7"
  resolved "https://registry.npmjs.org/debug/-/debug-3.2.7.tgz"
  dependencies:
    ms "^2.1.1"

depd@~1.1.2:
  version "1.1.2"
  resolved "https://registry.npmjs.org/depd/-/depd-1.1.2.tgz"

destroy@~1.0.4:
  version "1.0.4"
  resolved "https://registry.npmjs.org/destroy/-/destroy-1.0.4.tgz"

dev-ip@^1.0.1:
  version "1.0.1"
  resolved "https://registry.npmjs.org/dev-ip/-/dev-ip-1.0.1.tgz"

devtools-protocol@0.0.969999:
  version "0.0.969999"
  resolved "https://registry.npmjs.org/devtools-protocol/-/devtools-protocol-0.0.969999.tgz"

dlv@^1.1.3:
  version "1.1.3"
  resolved "https://registry.npmjs.org/dlv/-/dlv-1.1.3.tgz"

easy-extender@^2.3.4:
  version "2.3.4"
  resolved "https://registry.npmjs.org/easy-extender/-/easy-extender-2.3.4.tgz"
  dependencies:
    lodash "^4.17.10"

eazy-logger@3.1.0:
  version "3.1.0"
  resolved "https://registry.npmjs.org/eazy-logger/-/eazy-logger-3.1.0.tgz"
  dependencies:
    tfunk "^4.0.0"

ee-first@1.1.1:
  version "1.1.1"
  resolved "https://registry.npmjs.org/ee-first/-/ee-first-1.1.1.tgz"

emoji-regex@^8.0.0:
  version "8.0.0"
  resolved "https://registry.npmjs.org/emoji-regex/-/emoji-regex-8.0.0.tgz"

encodeurl@~1.0.1, encodeurl@~1.0.2:
  version "1.0.2"
  resolved "https://registry.npmjs.org/encodeurl/-/encodeurl-1.0.2.tgz"

end-of-stream@^1.1.0, end-of-stream@^1.4.1:
  version "1.4.4"
  resolved "https://registry.npmjs.org/end-of-stream/-/end-of-stream-1.4.4.tgz"
  dependencies:
    once "^1.4.0"

engine.io-client@~6.2.1:
  version "6.2.2"
  resolved "https://registry.npmjs.org/engine.io-client/-/engine.io-client-6.2.2.tgz"
  dependencies:
    "@socket.io/component-emitter" "~3.1.0"
    debug "~4.3.1"
    engine.io-parser "~5.0.3"
    ws "~8.2.3"
    xmlhttprequest-ssl "~2.0.0"

engine.io-parser@~5.0.3:
  version "5.0.3"
  resolved "https://registry.npmjs.org/engine.io-parser/-/engine.io-parser-5.0.3.tgz"
  dependencies:
    "@socket.io/base64-arraybuffer" "~1.0.2"

engine.io@~6.1.0:
  version "6.1.3"
  resolved "https://registry.npmjs.org/engine.io/-/engine.io-6.1.3.tgz"
  dependencies:
    "@types/cookie" "^0.4.1"
    "@types/cors" "^2.8.12"
    "@types/node" ">=10.0.0"
    accepts "~1.3.4"
    base64id "2.0.0"
    cookie "~0.4.1"
    cors "~2.8.5"
    debug "~4.3.1"
    engine.io-parser "~5.0.3"
    ws "~8.2.3"

esbuild-android-64@0.14.31:
  version "0.14.31"
  resolved "https://registry.yarnpkg.com/esbuild-android-64/-/esbuild-android-64-0.14.31.tgz#4b7dfbbeee62b3495ba78220b85fb590eb68d5bf"

esbuild-android-64@0.15.7:
  version "0.15.7"
  resolved "https://registry.yarnpkg.com/esbuild-android-64/-/esbuild-android-64-0.15.7.tgz#a521604d8c4c6befc7affedc897df8ccde189bea"

esbuild-android-arm64@0.14.31:
  version "0.14.31"
  resolved "https://registry.yarnpkg.com/esbuild-android-arm64/-/esbuild-android-arm64-0.14.31.tgz#24c3d693924e044fb0d23206c3e627502b10b930"

esbuild-android-arm64@0.15.7:
  version "0.15.7"
  resolved "https://registry.yarnpkg.com/esbuild-android-arm64/-/esbuild-android-arm64-0.15.7.tgz#307b81f1088bf1e81dfe5f3d1d63a2d2a2e3e68e"

esbuild-darwin-64@0.14.31:
  version "0.14.31"
  resolved "https://registry.npmjs.org/esbuild-darwin-64/-/esbuild-darwin-64-0.14.31.tgz"

esbuild-darwin-64@0.15.7:
  version "0.15.7"
  resolved "https://registry.yarnpkg.com/esbuild-darwin-64/-/esbuild-darwin-64-0.15.7.tgz#270117b0c4ec6bcbc5cf3a297a7d11954f007e11"

esbuild-darwin-arm64@0.14.31:
  version "0.14.31"
  resolved "https://registry.yarnpkg.com/esbuild-darwin-arm64/-/esbuild-darwin-arm64-0.14.31.tgz#b39c471a8134ce2c7811eb96fab9c500b256261c"

esbuild-darwin-arm64@0.15.7:
  version "0.15.7"
  resolved "https://registry.yarnpkg.com/esbuild-darwin-arm64/-/esbuild-darwin-arm64-0.15.7.tgz#97851eacd11dacb7719713602e3319e16202fc77"

esbuild-freebsd-64@0.14.31:
  version "0.14.31"
  resolved "https://registry.yarnpkg.com/esbuild-freebsd-64/-/esbuild-freebsd-64-0.14.31.tgz#7ca700ef60ae12154bae63094ad41b21c6ae1a23"

esbuild-freebsd-64@0.15.7:
  version "0.15.7"
  resolved "https://registry.yarnpkg.com/esbuild-freebsd-64/-/esbuild-freebsd-64-0.15.7.tgz#1de15ffaf5ae916aa925800aa6d02579960dd8c4"

esbuild-freebsd-arm64@0.14.31:
  version "0.14.31"
  resolved "https://registry.yarnpkg.com/esbuild-freebsd-arm64/-/esbuild-freebsd-arm64-0.14.31.tgz#f793085c7184fcd08649b8d185edc5c2ce112e82"

esbuild-freebsd-arm64@0.15.7:
  version "0.15.7"
  resolved "https://registry.yarnpkg.com/esbuild-freebsd-arm64/-/esbuild-freebsd-arm64-0.15.7.tgz#0f160dbf5c9a31a1d8dd87acbbcb1a04b7031594"

esbuild-linux-32@0.14.31:
  version "0.14.31"
  resolved "https://registry.yarnpkg.com/esbuild-linux-32/-/esbuild-linux-32-0.14.31.tgz#cac97ec7da6fbde0c21dbe08babd0d2a034f317d"

esbuild-linux-32@0.15.7:
  version "0.15.7"
  resolved "https://registry.yarnpkg.com/esbuild-linux-32/-/esbuild-linux-32-0.15.7.tgz#422eb853370a5e40bdce8b39525380de11ccadec"

esbuild-linux-64@0.14.31:
  version "0.14.31"
  resolved "https://registry.yarnpkg.com/esbuild-linux-64/-/esbuild-linux-64-0.14.31.tgz#ec94cd5228e6777d2feb3c24a1fe1cbf8817d6da"

esbuild-linux-64@0.15.7:
  version "0.15.7"
  resolved "https://registry.yarnpkg.com/esbuild-linux-64/-/esbuild-linux-64-0.15.7.tgz#f89c468453bb3194b14f19dc32e0b99612e81d2b"

esbuild-linux-arm64@0.14.31:
  version "0.14.31"
  resolved "https://registry.yarnpkg.com/esbuild-linux-arm64/-/esbuild-linux-arm64-0.14.31.tgz#d119188fccd6384db5c703de24c46dacaee3e9e8"

esbuild-linux-arm64@0.15.7:
  version "0.15.7"
  resolved "https://registry.yarnpkg.com/esbuild-linux-arm64/-/esbuild-linux-arm64-0.15.7.tgz#68a79d6eb5e032efb9168a0f340ccfd33d6350a1"

esbuild-linux-arm@0.14.31:
  version "0.14.31"
  resolved "https://registry.yarnpkg.com/esbuild-linux-arm/-/esbuild-linux-arm-0.14.31.tgz#63e10846886901e5632a591d44160f95c5d12ba7"

esbuild-linux-arm@0.15.7:
  version "0.15.7"
  resolved "https://registry.yarnpkg.com/esbuild-linux-arm/-/esbuild-linux-arm-0.15.7.tgz#2b7c784d0b3339878013dfa82bf5eaf82c7ce7d3"

esbuild-linux-mips64le@0.14.31:
  version "0.14.31"
  resolved "https://registry.yarnpkg.com/esbuild-linux-mips64le/-/esbuild-linux-mips64le-0.14.31.tgz#1cd44f72cde6489a5d6deea7c54efa6f3d6590ee"

esbuild-linux-mips64le@0.15.7:
  version "0.15.7"
  resolved "https://registry.yarnpkg.com/esbuild-linux-mips64le/-/esbuild-linux-mips64le-0.15.7.tgz#bb8330a50b14aa84673816cb63cc6c8b9beb62cc"

esbuild-linux-ppc64le@0.14.31:
  version "0.14.31"
  resolved "https://registry.yarnpkg.com/esbuild-linux-ppc64le/-/esbuild-linux-ppc64le-0.14.31.tgz#3b5ccc05e5b8ef5c494f30a61fdd27811d2bbeeb"

esbuild-linux-ppc64le@0.15.7:
  version "0.15.7"
  resolved "https://registry.yarnpkg.com/esbuild-linux-ppc64le/-/esbuild-linux-ppc64le-0.15.7.tgz#52544e7fa992811eb996674090d0bc41f067a14b"

esbuild-linux-riscv64@0.14.31:
  version "0.14.31"
  resolved "https://registry.yarnpkg.com/esbuild-linux-riscv64/-/esbuild-linux-riscv64-0.14.31.tgz#d74ca78c8ed1d9b40bc907a9e3ef6e83fc06189c"

esbuild-linux-riscv64@0.15.7:
  version "0.15.7"
  resolved "https://registry.yarnpkg.com/esbuild-linux-riscv64/-/esbuild-linux-riscv64-0.15.7.tgz#a43ae60697992b957e454cbb622f7ee5297e8159"

esbuild-linux-s390x@0.14.31:
  version "0.14.31"
  resolved "https://registry.yarnpkg.com/esbuild-linux-s390x/-/esbuild-linux-s390x-0.14.31.tgz#1bd547b8b027e323b77a838d265cb56ece2543af"

esbuild-linux-s390x@0.15.7:
  version "0.15.7"
  resolved "https://registry.yarnpkg.com/esbuild-linux-s390x/-/esbuild-linux-s390x-0.15.7.tgz#8c76a125dd10a84c166294d77416caaf5e1c7b64"

esbuild-netbsd-64@0.14.31:
  version "0.14.31"
  resolved "https://registry.yarnpkg.com/esbuild-netbsd-64/-/esbuild-netbsd-64-0.14.31.tgz#964a45dbad4fac92aa0a15056e38a182735bd6c6"

esbuild-netbsd-64@0.15.7:
  version "0.15.7"
  resolved "https://registry.yarnpkg.com/esbuild-netbsd-64/-/esbuild-netbsd-64-0.15.7.tgz#19b2e75449d7d9c32b5d8a222bac2f1e0c3b08fd"

esbuild-openbsd-64@0.14.31:
  version "0.14.31"
  resolved "https://registry.yarnpkg.com/esbuild-openbsd-64/-/esbuild-openbsd-64-0.14.31.tgz#7d2a1d46450321b0459263d3e7072e6d3924ce46"

esbuild-openbsd-64@0.15.7:
  version "0.15.7"
  resolved "https://registry.yarnpkg.com/esbuild-openbsd-64/-/esbuild-openbsd-64-0.15.7.tgz#1357b2bf72fd037d9150e751420a1fe4c8618ad7"

esbuild-sass-plugin@^2.2.6:
  version "2.2.6"
  resolved "https://registry.npmjs.org/esbuild-sass-plugin/-/esbuild-sass-plugin-2.2.6.tgz"
  dependencies:
    esbuild "^0.14.13"
    sass "^1.49.0"

esbuild-sunos-64@0.14.31:
  version "0.14.31"
  resolved "https://registry.yarnpkg.com/esbuild-sunos-64/-/esbuild-sunos-64-0.14.31.tgz#3b3e4363951cd1dda14a14fee6d94ca426108e0c"

esbuild-sunos-64@0.15.7:
  version "0.15.7"
  resolved "https://registry.yarnpkg.com/esbuild-sunos-64/-/esbuild-sunos-64-0.15.7.tgz#87ab2c604592a9c3c763e72969da0d72bcde91d2"

esbuild-windows-32@0.14.31:
  version "0.14.31"
  resolved "https://registry.yarnpkg.com/esbuild-windows-32/-/esbuild-windows-32-0.14.31.tgz#997026a41c04535bfb7c014a0458940b49145820"

esbuild-windows-32@0.15.7:
  version "0.15.7"
  resolved "https://registry.yarnpkg.com/esbuild-windows-32/-/esbuild-windows-32-0.15.7.tgz#c81e688c0457665a8d463a669e5bf60870323e99"

esbuild-windows-64@0.14.31:
  version "0.14.31"
  resolved "https://registry.yarnpkg.com/esbuild-windows-64/-/esbuild-windows-64-0.14.31.tgz#5d4b0ea686c9b60036303b3415c472f2761bdafc"

esbuild-windows-64@0.15.7:
  version "0.15.7"
  resolved "https://registry.yarnpkg.com/esbuild-windows-64/-/esbuild-windows-64-0.15.7.tgz#2421d1ae34b0561a9d6767346b381961266c4eff"

esbuild-windows-arm64@0.14.31:
  version "0.14.31"
  resolved "https://registry.yarnpkg.com/esbuild-windows-arm64/-/esbuild-windows-arm64-0.14.31.tgz#4f3b9fc34c4a33abbd0171df6cbb657ccbdbfc67"

esbuild-windows-arm64@0.15.7:
  version "0.15.7"
  resolved "https://registry.yarnpkg.com/esbuild-windows-arm64/-/esbuild-windows-arm64-0.15.7.tgz#7d5e9e060a7b454cb2f57f84a3f3c23c8f30b7d2"

esbuild@^0.14.13:
  version "0.14.31"
  resolved "https://registry.npmjs.org/esbuild/-/esbuild-0.14.31.tgz"
  optionalDependencies:
    esbuild-android-64 "0.14.31"
    esbuild-android-arm64 "0.14.31"
    esbuild-darwin-64 "0.14.31"
    esbuild-darwin-arm64 "0.14.31"
    esbuild-freebsd-64 "0.14.31"
    esbuild-freebsd-arm64 "0.14.31"
    esbuild-linux-32 "0.14.31"
    esbuild-linux-64 "0.14.31"
    esbuild-linux-arm "0.14.31"
    esbuild-linux-arm64 "0.14.31"
    esbuild-linux-mips64le "0.14.31"
    esbuild-linux-ppc64le "0.14.31"
    esbuild-linux-riscv64 "0.14.31"
    esbuild-linux-s390x "0.14.31"
    esbuild-netbsd-64 "0.14.31"
    esbuild-openbsd-64 "0.14.31"
    esbuild-sunos-64 "0.14.31"
    esbuild-windows-32 "0.14.31"
    esbuild-windows-64 "0.14.31"
    esbuild-windows-arm64 "0.14.31"

esbuild@^0.15.7:
  version "0.15.7"
  resolved "https://registry.yarnpkg.com/esbuild/-/esbuild-0.15.7.tgz#8a1f1aff58671a3199dd24df95314122fc1ddee8"
  optionalDependencies:
    "@esbuild/linux-loong64" "0.15.7"
    esbuild-android-64 "0.15.7"
    esbuild-android-arm64 "0.15.7"
    esbuild-darwin-64 "0.15.7"
    esbuild-darwin-arm64 "0.15.7"
    esbuild-freebsd-64 "0.15.7"
    esbuild-freebsd-arm64 "0.15.7"
    esbuild-linux-32 "0.15.7"
    esbuild-linux-64 "0.15.7"
    esbuild-linux-arm "0.15.7"
    esbuild-linux-arm64 "0.15.7"
    esbuild-linux-mips64le "0.15.7"
    esbuild-linux-ppc64le "0.15.7"
    esbuild-linux-riscv64 "0.15.7"
    esbuild-linux-s390x "0.15.7"
    esbuild-netbsd-64 "0.15.7"
    esbuild-openbsd-64 "0.15.7"
    esbuild-sunos-64 "0.15.7"
    esbuild-windows-32 "0.15.7"
    esbuild-windows-64 "0.15.7"
    esbuild-windows-arm64 "0.15.7"

escalade@^3.1.1:
  version "3.1.1"
  resolved "https://registry.npmjs.org/escalade/-/escalade-3.1.1.tgz"

escape-html@~1.0.3:
  version "1.0.3"
  resolved "https://registry.npmjs.org/escape-html/-/escape-html-1.0.3.tgz"

escape-string-regexp@^1.0.2:
  version "1.0.5"
  resolved "https://registry.npmjs.org/escape-string-regexp/-/escape-string-regexp-1.0.5.tgz"

etag@1.8.1, etag@^1.8.1, etag@~1.8.1:
  version "1.8.1"
  resolved "https://registry.npmjs.org/etag/-/etag-1.8.1.tgz"

eventemitter3@^4.0.0:
  version "4.0.7"
  resolved "https://registry.npmjs.org/eventemitter3/-/eventemitter3-4.0.7.tgz"

extract-zip@2.0.1:
  version "2.0.1"
  resolved "https://registry.npmjs.org/extract-zip/-/extract-zip-2.0.1.tgz"
  dependencies:
    debug "^4.1.1"
    get-stream "^5.1.0"
    yauzl "^2.10.0"
  optionalDependencies:
    "@types/yauzl" "^2.9.1"

fd-slicer@~1.1.0:
  version "1.1.0"
  resolved "https://registry.npmjs.org/fd-slicer/-/fd-slicer-1.1.0.tgz"
  dependencies:
    pend "~1.2.0"

fill-range@^7.0.1:
  version "7.0.1"
  resolved "https://registry.npmjs.org/fill-range/-/fill-range-7.0.1.tgz"
  dependencies:
    to-regex-range "^5.0.1"

finalhandler@1.1.0:
  version "1.1.0"
  resolved "https://registry.npmjs.org/finalhandler/-/finalhandler-1.1.0.tgz"
  dependencies:
    debug "2.6.9"
    encodeurl "~1.0.1"
    escape-html "~1.0.3"
    on-finished "~2.3.0"
    parseurl "~1.3.2"
    statuses "~1.3.1"
    unpipe "~1.0.0"

find-up@^4.0.0:
  version "4.1.0"
  resolved "https://registry.npmjs.org/find-up/-/find-up-4.1.0.tgz"
  dependencies:
    locate-path "^5.0.0"
    path-exists "^4.0.0"

follow-redirects@^1.0.0, follow-redirects@^1.14.0:
  version "1.15.1"
  resolved "https://registry.npmjs.org/follow-redirects/-/follow-redirects-1.15.1.tgz"

fresh@0.5.2, fresh@^0.5.2:
  version "0.5.2"
  resolved "https://registry.npmjs.org/fresh/-/fresh-0.5.2.tgz"

fs-constants@^1.0.0:
  version "1.0.0"
  resolved "https://registry.npmjs.org/fs-constants/-/fs-constants-1.0.0.tgz"

fs-extra@3.0.1:
  version "3.0.1"
  resolved "https://registry.npmjs.org/fs-extra/-/fs-extra-3.0.1.tgz"
  dependencies:
    graceful-fs "^4.1.2"
    jsonfile "^3.0.0"
    universalify "^0.1.0"

fs.realpath@^1.0.0:
  version "1.0.0"
  resolved "https://registry.npmjs.org/fs.realpath/-/fs.realpath-1.0.0.tgz"

fsevents@~2.3.2:
  version "2.3.2"
  resolved "https://registry.npmjs.org/fsevents/-/fsevents-2.3.2.tgz"

function-bind@^1.1.1:
  version "1.1.1"
  resolved "https://registry.npmjs.org/function-bind/-/function-bind-1.1.1.tgz"

get-caller-file@^2.0.5:
  version "2.0.5"
  resolved "https://registry.npmjs.org/get-caller-file/-/get-caller-file-2.0.5.tgz"

get-intrinsic@^1.0.2:
  version "1.1.1"
  resolved "https://registry.npmjs.org/get-intrinsic/-/get-intrinsic-1.1.1.tgz"
  dependencies:
    function-bind "^1.1.1"
    has "^1.0.3"
    has-symbols "^1.0.1"

get-stream@^5.1.0:
  version "5.2.0"
  resolved "https://registry.npmjs.org/get-stream/-/get-stream-5.2.0.tgz"
  dependencies:
    pump "^3.0.0"

glob-parent@~5.1.2:
  version "5.1.2"
  resolved "https://registry.npmjs.org/glob-parent/-/glob-parent-5.1.2.tgz"
  dependencies:
    is-glob "^4.0.1"

glob@^7.1.3:
  version "7.2.0"
  resolved "https://registry.npmjs.org/glob/-/glob-7.2.0.tgz"
  dependencies:
    fs.realpath "^1.0.0"
    inflight "^1.0.4"
    inherits "2"
    minimatch "^3.0.4"
    once "^1.3.0"
    path-is-absolute "^1.0.0"

graceful-fs@^4.1.2, graceful-fs@^4.1.6:
  version "4.2.8"
  resolved "https://registry.npmjs.org/graceful-fs/-/graceful-fs-4.2.8.tgz"

has-ansi@^2.0.0:
  version "2.0.0"
  resolved "https://registry.npmjs.org/has-ansi/-/has-ansi-2.0.0.tgz"
  dependencies:
    ansi-regex "^2.0.0"

has-flag@^4.0.0:
  version "4.0.0"
  resolved "https://registry.npmjs.org/has-flag/-/has-flag-4.0.0.tgz"

has-symbols@^1.0.1:
  version "1.0.2"
  resolved "https://registry.npmjs.org/has-symbols/-/has-symbols-1.0.2.tgz"

has@^1.0.3:
  version "1.0.3"
  resolved "https://registry.npmjs.org/has/-/has-1.0.3.tgz"
  dependencies:
    function-bind "^1.1.1"

he@^1.2.0:
  version "1.2.0"
  resolved "https://registry.npmjs.org/he/-/he-1.2.0.tgz"

highlight.js@^11.5.0:
  version "11.5.0"
  resolved "https://registry.npmjs.org/highlight.js/-/highlight.js-11.5.0.tgz"

html-encoding-sniffer@^3.0.0:
  version "3.0.0"
  resolved "https://registry.npmjs.org/html-encoding-sniffer/-/html-encoding-sniffer-3.0.0.tgz"
  dependencies:
    whatwg-encoding "^2.0.0"

http-errors@1.8.1:
  version "1.8.1"
  resolved "https://registry.npmjs.org/http-errors/-/http-errors-1.8.1.tgz"
  dependencies:
    depd "~1.1.2"
    inherits "2.0.4"
    setprototypeof "1.2.0"
    statuses ">= 1.5.0 < 2"
    toidentifier "1.0.1"

http-errors@~1.6.2:
  version "1.6.3"
  resolved "https://registry.npmjs.org/http-errors/-/http-errors-1.6.3.tgz"
  dependencies:
    depd "~1.1.2"
    inherits "2.0.3"
    setprototypeof "1.1.0"
    statuses ">= 1.4.0 < 2"

http-proxy@^1.18.1:
  version "1.18.1"
  resolved "https://registry.npmjs.org/http-proxy/-/http-proxy-1.18.1.tgz"
  dependencies:
    eventemitter3 "^4.0.0"
    follow-redirects "^1.0.0"
    requires-port "^1.0.0"

http-server@^14.1.0:
  version "14.1.0"
  resolved "https://registry.npmjs.org/http-server/-/http-server-14.1.0.tgz"
  dependencies:
    basic-auth "^2.0.1"
    chalk "^4.1.2"
    corser "^2.0.1"
    he "^1.2.0"
    html-encoding-sniffer "^3.0.0"
    http-proxy "^1.18.1"
    mime "^1.6.0"
    minimist "^1.2.5"
    opener "^1.5.1"
    portfinder "^1.0.28"
    secure-compare "3.0.1"
    union "~0.5.0"
    url-join "^4.0.1"

https-proxy-agent@5.0.0:
  version "5.0.0"
  resolved "https://registry.npmjs.org/https-proxy-agent/-/https-proxy-agent-5.0.0.tgz"
  dependencies:
    agent-base "6"
    debug "4"

iconv-lite@0.4.24:
  version "0.4.24"
  resolved "https://registry.npmjs.org/iconv-lite/-/iconv-lite-0.4.24.tgz"
  dependencies:
    safer-buffer ">= 2.1.2 < 3"

iconv-lite@0.6.3:
  version "0.6.3"
  resolved "https://registry.npmjs.org/iconv-lite/-/iconv-lite-0.6.3.tgz"
  dependencies:
    safer-buffer ">= 2.1.2 < 3.0.0"

ieee754@^1.1.13:
  version "1.2.1"
  resolved "https://registry.npmjs.org/ieee754/-/ieee754-1.2.1.tgz"

immutable@^3:
  version "3.8.2"
  resolved "https://registry.npmjs.org/immutable/-/immutable-3.8.2.tgz"

immutable@^4.0.0:
  version "4.0.0"
  resolved "https://registry.npmjs.org/immutable/-/immutable-4.0.0.tgz"

inflight@^1.0.4:
  version "1.0.6"
  resolved "https://registry.npmjs.org/inflight/-/inflight-1.0.6.tgz"
  dependencies:
    once "^1.3.0"
    wrappy "1"

inherits@2, inherits@2.0.4, inherits@^2.0.3, inherits@^2.0.4:
  version "2.0.4"
  resolved "https://registry.npmjs.org/inherits/-/inherits-2.0.4.tgz"

inherits@2.0.3:
  version "2.0.3"
  resolved "https://registry.npmjs.org/inherits/-/inherits-2.0.3.tgz"

is-binary-path@~2.1.0:
  version "2.1.0"
  resolved "https://registry.npmjs.org/is-binary-path/-/is-binary-path-2.1.0.tgz"
  dependencies:
    binary-extensions "^2.0.0"

is-extglob@^2.1.1:
  version "2.1.1"
  resolved "https://registry.npmjs.org/is-extglob/-/is-extglob-2.1.1.tgz"

is-fullwidth-code-point@^3.0.0:
  version "3.0.0"
  resolved "https://registry.npmjs.org/is-fullwidth-code-point/-/is-fullwidth-code-point-3.0.0.tgz"

is-glob@^4.0.1, is-glob@~4.0.1:
  version "4.0.3"
  resolved "https://registry.npmjs.org/is-glob/-/is-glob-4.0.3.tgz"
  dependencies:
    is-extglob "^2.1.1"

is-number-like@^1.0.3:
  version "1.0.8"
  resolved "https://registry.npmjs.org/is-number-like/-/is-number-like-1.0.8.tgz"
  dependencies:
    lodash.isfinite "^3.3.2"

is-number@^7.0.0:
  version "7.0.0"
  resolved "https://registry.npmjs.org/is-number/-/is-number-7.0.0.tgz"

is-wsl@^1.1.0:
  version "1.1.0"
  resolved "https://registry.npmjs.org/is-wsl/-/is-wsl-1.1.0.tgz"

js-cookie@^3.0.1:
  version "3.0.1"
  resolved "https://registry.npmjs.org/js-cookie/-/js-cookie-3.0.1.tgz"

jsonfile@^3.0.0:
  version "3.0.1"
  resolved "https://registry.npmjs.org/jsonfile/-/jsonfile-3.0.1.tgz"
  optionalDependencies:
    graceful-fs "^4.1.6"

jsx-dom@^8.0.1-beta.5:
  version "8.0.1-beta.5"
  resolved "https://registry.npmjs.org/jsx-dom/-/jsx-dom-8.0.1-beta.5.tgz"
  dependencies:
    csstype "^3.0.10"

limiter@^1.0.5:
  version "1.1.5"
  resolved "https://registry.npmjs.org/limiter/-/limiter-1.1.5.tgz"

localtunnel@^2.0.1:
  version "2.0.2"
  resolved "https://registry.npmjs.org/localtunnel/-/localtunnel-2.0.2.tgz"
  dependencies:
    axios "0.21.4"
    debug "4.3.2"
    openurl "1.1.1"
    yargs "17.1.1"

locate-path@^5.0.0:
  version "5.0.0"
  resolved "https://registry.npmjs.org/locate-path/-/locate-path-5.0.0.tgz"
  dependencies:
    p-locate "^4.1.0"

lodash.isfinite@^3.3.2:
  version "3.3.2"
  resolved "https://registry.npmjs.org/lodash.isfinite/-/lodash.isfinite-3.3.2.tgz"

lodash@^4.17.10, lodash@^4.17.14:
  version "4.17.21"
  resolved "https://registry.npmjs.org/lodash/-/lodash-4.17.21.tgz"

micromatch@^4.0.2:
  version "4.0.4"
  resolved "https://registry.npmjs.org/micromatch/-/micromatch-4.0.4.tgz"
  dependencies:
    braces "^3.0.1"
    picomatch "^2.2.3"

mime-db@1.51.0:
  version "1.51.0"
  resolved "https://registry.npmjs.org/mime-db/-/mime-db-1.51.0.tgz"

mime-types@~2.1.17, mime-types@~2.1.24:
  version "2.1.34"
  resolved "https://registry.npmjs.org/mime-types/-/mime-types-2.1.34.tgz"
  dependencies:
    mime-db "1.51.0"

mime@1.4.1:
  version "1.4.1"
  resolved "https://registry.npmjs.org/mime/-/mime-1.4.1.tgz"

mime@^1.6.0:
  version "1.6.0"
  resolved "https://registry.npmjs.org/mime/-/mime-1.6.0.tgz"

minimatch@^3.0.2, minimatch@^3.0.4:
  version "3.0.4"
  resolved "https://registry.npmjs.org/minimatch/-/minimatch-3.0.4.tgz"
  dependencies:
    brace-expansion "^1.1.7"

minimist@^1.2.5:
  version "1.2.6"
  resolved "https://registry.npmjs.org/minimist/-/minimist-1.2.6.tgz"

mitt@^1.1.3:
  version "1.2.0"
  resolved "https://registry.npmjs.org/mitt/-/mitt-1.2.0.tgz"

mkdirp-classic@^0.5.2:
  version "0.5.3"
  resolved "https://registry.npmjs.org/mkdirp-classic/-/mkdirp-classic-0.5.3.tgz"

mkdirp@^0.5.5:
  version "0.5.5"
  resolved "https://registry.npmjs.org/mkdirp/-/mkdirp-0.5.5.tgz"
  dependencies:
    minimist "^1.2.5"

ms@2.0.0:
  version "2.0.0"
  resolved "https://registry.npmjs.org/ms/-/ms-2.0.0.tgz"

ms@2.1.2:
  version "2.1.2"
  resolved "https://registry.npmjs.org/ms/-/ms-2.1.2.tgz"

ms@^2.1.1:
  version "2.1.3"
  resolved "https://registry.npmjs.org/ms/-/ms-2.1.3.tgz"

negotiator@0.6.2:
  version "0.6.2"
  resolved "https://registry.npmjs.org/negotiator/-/negotiator-0.6.2.tgz"

node-fetch@2.6.7:
  version "2.6.7"
  resolved "https://registry.npmjs.org/node-fetch/-/node-fetch-2.6.7.tgz"
  dependencies:
    whatwg-url "^5.0.0"

normalize-path@^3.0.0, normalize-path@~3.0.0:
  version "3.0.0"
  resolved "https://registry.npmjs.org/normalize-path/-/normalize-path-3.0.0.tgz"

object-assign@^4:
  version "4.1.1"
  resolved "https://registry.npmjs.org/object-assign/-/object-assign-4.1.1.tgz"

object-inspect@^1.9.0:
  version "1.12.0"
  resolved "https://registry.npmjs.org/object-inspect/-/object-inspect-1.12.0.tgz"

on-finished@~2.3.0:
  version "2.3.0"
  resolved "https://registry.npmjs.org/on-finished/-/on-finished-2.3.0.tgz"
  dependencies:
    ee-first "1.1.1"

once@^1.3.0, once@^1.3.1, once@^1.4.0:
  version "1.4.0"
  resolved "https://registry.npmjs.org/once/-/once-1.4.0.tgz"
  dependencies:
    wrappy "1"

opener@^1.5.1:
  version "1.5.2"
  resolved "https://registry.npmjs.org/opener/-/opener-1.5.2.tgz"

openurl@1.1.1:
  version "1.1.1"
  resolved "https://registry.npmjs.org/openurl/-/openurl-1.1.1.tgz"

opn@5.3.0:
  version "5.3.0"
  resolved "https://registry.npmjs.org/opn/-/opn-5.3.0.tgz"
  dependencies:
    is-wsl "^1.1.0"

p-limit@^2.2.0:
  version "2.3.0"
  resolved "https://registry.npmjs.org/p-limit/-/p-limit-2.3.0.tgz"
  dependencies:
    p-try "^2.0.0"

p-locate@^4.1.0:
  version "4.1.0"
  resolved "https://registry.npmjs.org/p-locate/-/p-locate-4.1.0.tgz"
  dependencies:
    p-limit "^2.2.0"

p-try@^2.0.0:
  version "2.2.0"
  resolved "https://registry.npmjs.org/p-try/-/p-try-2.2.0.tgz"

parseurl@~1.3.2:
  version "1.3.3"
  resolved "https://registry.npmjs.org/parseurl/-/parseurl-1.3.3.tgz"

path-exists@^4.0.0:
  version "4.0.0"
  resolved "https://registry.npmjs.org/path-exists/-/path-exists-4.0.0.tgz"

path-is-absolute@^1.0.0:
  version "1.0.1"
  resolved "https://registry.npmjs.org/path-is-absolute/-/path-is-absolute-1.0.1.tgz"

pend@~1.2.0:
  version "1.2.0"
  resolved "https://registry.npmjs.org/pend/-/pend-1.2.0.tgz"

picomatch@^2.0.4, picomatch@^2.2.1, picomatch@^2.2.3:
  version "2.3.0"
  resolved "https://registry.npmjs.org/picomatch/-/picomatch-2.3.0.tgz"

pixelmatch@^5.2.1:
  version "5.2.1"
  resolved "https://registry.npmjs.org/pixelmatch/-/pixelmatch-5.2.1.tgz"
  dependencies:
    pngjs "^4.0.1"

pkg-dir@4.2.0:
  version "4.2.0"
  resolved "https://registry.npmjs.org/pkg-dir/-/pkg-dir-4.2.0.tgz"
  dependencies:
    find-up "^4.0.0"

pngjs@^4.0.1:
  version "4.0.1"
  resolved "https://registry.npmjs.org/pngjs/-/pngjs-4.0.1.tgz"

portfinder@^1.0.28:
  version "1.0.28"
  resolved "https://registry.npmjs.org/portfinder/-/portfinder-1.0.28.tgz"
  dependencies:
    async "^2.6.2"
    debug "^3.1.1"
    mkdirp "^0.5.5"

portscanner@2.2.0:
  version "2.2.0"
  resolved "https://registry.npmjs.org/portscanner/-/portscanner-2.2.0.tgz"
  dependencies:
    async "^2.6.0"
    is-number-like "^1.0.3"

progress@2.0.3:
  version "2.0.3"
  resolved "https://registry.npmjs.org/progress/-/progress-2.0.3.tgz"

proxy-from-env@1.1.0:
  version "1.1.0"
  resolved "https://registry.npmjs.org/proxy-from-env/-/proxy-from-env-1.1.0.tgz"

pump@^3.0.0:
  version "3.0.0"
  resolved "https://registry.npmjs.org/pump/-/pump-3.0.0.tgz"
  dependencies:
    end-of-stream "^1.1.0"
    once "^1.3.1"

puppeteer-cluster@^0.23.0:
  version "0.23.0"
  resolved "https://registry.npmjs.org/puppeteer-cluster/-/puppeteer-cluster-0.23.0.tgz"
  dependencies:
    debug "^4.3.3"

puppeteer@^13.5.2:
  version "13.5.2"
  resolved "https://registry.npmjs.org/puppeteer/-/puppeteer-13.5.2.tgz"
  dependencies:
    cross-fetch "3.1.5"
    debug "4.3.4"
    devtools-protocol "0.0.969999"
    extract-zip "2.0.1"
    https-proxy-agent "5.0.0"
    pkg-dir "4.2.0"
    progress "2.0.3"
    proxy-from-env "1.1.0"
    rimraf "3.0.2"
    tar-fs "2.1.1"
    unbzip2-stream "1.4.3"
    ws "8.5.0"

qs@6.2.3:
  version "6.2.3"
  resolved "https://registry.npmjs.org/qs/-/qs-6.2.3.tgz"

qs@^6.4.0:
  version "6.10.2"
  resolved "https://registry.npmjs.org/qs/-/qs-6.10.2.tgz"
  dependencies:
    side-channel "^1.0.4"

range-parser@~1.2.0:
  version "1.2.1"
  resolved "https://registry.npmjs.org/range-parser/-/range-parser-1.2.1.tgz"

raw-body@^2.3.2:
  version "2.4.2"
  resolved "https://registry.npmjs.org/raw-body/-/raw-body-2.4.2.tgz"
  dependencies:
    bytes "3.1.1"
    http-errors "1.8.1"
    iconv-lite "0.4.24"
    unpipe "1.0.0"

readable-stream@^3.1.1, readable-stream@^3.4.0:
  version "3.6.0"
  resolved "https://registry.npmjs.org/readable-stream/-/readable-stream-3.6.0.tgz"
  dependencies:
    inherits "^2.0.3"
    string_decoder "^1.1.1"
    util-deprecate "^1.0.1"

readdirp@~3.6.0:
  version "3.6.0"
  resolved "https://registry.npmjs.org/readdirp/-/readdirp-3.6.0.tgz"
  dependencies:
    picomatch "^2.2.1"

require-directory@^2.1.1:
  version "2.1.1"
  resolved "https://registry.npmjs.org/require-directory/-/require-directory-2.1.1.tgz"

requires-port@^1.0.0:
  version "1.0.0"
  resolved "https://registry.npmjs.org/requires-port/-/requires-port-1.0.0.tgz"

resp-modifier@6.0.2:
  version "6.0.2"
  resolved "https://registry.npmjs.org/resp-modifier/-/resp-modifier-6.0.2.tgz"
  dependencies:
    debug "^2.2.0"
    minimatch "^3.0.2"

rimraf@3.0.2:
  version "3.0.2"
  resolved "https://registry.npmjs.org/rimraf/-/rimraf-3.0.2.tgz"
  dependencies:
    glob "^7.1.3"

rx@4.1.0:
  version "4.1.0"
  resolved "https://registry.npmjs.org/rx/-/rx-4.1.0.tgz"

rxjs@^5.5.6:
  version "5.5.12"
  resolved "https://registry.npmjs.org/rxjs/-/rxjs-5.5.12.tgz"
  dependencies:
    symbol-observable "1.0.1"

safe-buffer@5.1.2:
  version "5.1.2"
  resolved "https://registry.npmjs.org/safe-buffer/-/safe-buffer-5.1.2.tgz"

safe-buffer@~5.2.0:
  version "5.2.1"
  resolved "https://registry.npmjs.org/safe-buffer/-/safe-buffer-5.2.1.tgz"

"safer-buffer@>= 2.1.2 < 3", "safer-buffer@>= 2.1.2 < 3.0.0":
  version "2.1.2"
  resolved "https://registry.npmjs.org/safer-buffer/-/safer-buffer-2.1.2.tgz"

sass@^1.49.0:
  version "1.49.7"
  resolved "https://registry.npmjs.org/sass/-/sass-1.49.7.tgz"
  dependencies:
    chokidar ">=3.0.0 <4.0.0"
    immutable "^4.0.0"
    source-map-js ">=0.6.2 <2.0.0"

secure-compare@3.0.1:
  version "3.0.1"
  resolved "https://registry.npmjs.org/secure-compare/-/secure-compare-3.0.1.tgz"

send@0.16.2:
  version "0.16.2"
  resolved "https://registry.npmjs.org/send/-/send-0.16.2.tgz"
  dependencies:
    debug "2.6.9"
    depd "~1.1.2"
    destroy "~1.0.4"
    encodeurl "~1.0.2"
    escape-html "~1.0.3"
    etag "~1.8.1"
    fresh "0.5.2"
    http-errors "~1.6.2"
    mime "1.4.1"
    ms "2.0.0"
    on-finished "~2.3.0"
    range-parser "~1.2.0"
    statuses "~1.4.0"

serve-index@1.9.1:
  version "1.9.1"
  resolved "https://registry.npmjs.org/serve-index/-/serve-index-1.9.1.tgz"
  dependencies:
    accepts "~1.3.4"
    batch "0.6.1"
    debug "2.6.9"
    escape-html "~1.0.3"
    http-errors "~1.6.2"
    mime-types "~2.1.17"
    parseurl "~1.3.2"

serve-static@1.13.2:
  version "1.13.2"
  resolved "https://registry.npmjs.org/serve-static/-/serve-static-1.13.2.tgz"
  dependencies:
    encodeurl "~1.0.2"
    escape-html "~1.0.3"
    parseurl "~1.3.2"
    send "0.16.2"

server-destroy@1.0.1:
  version "1.0.1"
  resolved "https://registry.npmjs.org/server-destroy/-/server-destroy-1.0.1.tgz"

setprototypeof@1.1.0:
  version "1.1.0"
  resolved "https://registry.npmjs.org/setprototypeof/-/setprototypeof-1.1.0.tgz"

setprototypeof@1.2.0:
  version "1.2.0"
  resolved "https://registry.npmjs.org/setprototypeof/-/setprototypeof-1.2.0.tgz"

side-channel@^1.0.4:
  version "1.0.4"
  resolved "https://registry.npmjs.org/side-channel/-/side-channel-1.0.4.tgz"
  dependencies:
    call-bind "^1.0.0"
    get-intrinsic "^1.0.2"
    object-inspect "^1.9.0"

socket.io-adapter@~2.3.3:
  version "2.3.3"
  resolved "https://registry.npmjs.org/socket.io-adapter/-/socket.io-adapter-2.3.3.tgz"

socket.io-client@^4.4.1:
  version "4.5.1"
  resolved "https://registry.npmjs.org/socket.io-client/-/socket.io-client-4.5.1.tgz"
  dependencies:
    "@socket.io/component-emitter" "~3.1.0"
    debug "~4.3.2"
    engine.io-client "~6.2.1"
    socket.io-parser "~4.2.0"

socket.io-parser@~4.0.4:
  version "4.0.4"
  resolved "https://registry.npmjs.org/socket.io-parser/-/socket.io-parser-4.0.4.tgz"
  dependencies:
    "@types/component-emitter" "^1.2.10"
    component-emitter "~1.3.0"
    debug "~4.3.1"

socket.io-parser@~4.2.0:
  version "4.2.0"
  resolved "https://registry.npmjs.org/socket.io-parser/-/socket.io-parser-4.2.0.tgz"
  dependencies:
    "@socket.io/component-emitter" "~3.1.0"
    debug "~4.3.1"

socket.io@^4.4.1:
  version "4.4.1"
  resolved "https://registry.npmjs.org/socket.io/-/socket.io-4.4.1.tgz"
  dependencies:
    accepts "~1.3.4"
    base64id "~2.0.0"
    debug "~4.3.2"
    engine.io "~6.1.0"
    socket.io-adapter "~2.3.3"
    socket.io-parser "~4.0.4"

"source-map-js@>=0.6.2 <2.0.0":
  version "1.0.1"
  resolved "https://registry.npmjs.org/source-map-js/-/source-map-js-1.0.1.tgz"

"statuses@>= 1.4.0 < 2", "statuses@>= 1.5.0 < 2":
  version "1.5.0"
  resolved "https://registry.npmjs.org/statuses/-/statuses-1.5.0.tgz"

statuses@~1.3.1:
  version "1.3.1"
  resolved "https://registry.npmjs.org/statuses/-/statuses-1.3.1.tgz"

statuses@~1.4.0:
  version "1.4.0"
  resolved "https://registry.npmjs.org/statuses/-/statuses-1.4.0.tgz"

stream-throttle@^0.1.3:
  version "0.1.3"
  resolved "https://registry.npmjs.org/stream-throttle/-/stream-throttle-0.1.3.tgz"
  dependencies:
    commander "^2.2.0"
    limiter "^1.0.5"

string-width@^4.1.0, string-width@^4.2.0, string-width@^4.2.3:
  version "4.2.3"
  resolved "https://registry.npmjs.org/string-width/-/string-width-4.2.3.tgz"
  dependencies:
    emoji-regex "^8.0.0"
    is-fullwidth-code-point "^3.0.0"
    strip-ansi "^6.0.1"

string_decoder@^1.1.1:
  version "1.3.0"
  resolved "https://registry.npmjs.org/string_decoder/-/string_decoder-1.3.0.tgz"
  dependencies:
    safe-buffer "~5.2.0"

strip-ansi@^3.0.0:
  version "3.0.1"
  resolved "https://registry.npmjs.org/strip-ansi/-/strip-ansi-3.0.1.tgz"
  dependencies:
    ansi-regex "^2.0.0"

strip-ansi@^6.0.0, strip-ansi@^6.0.1:
  version "6.0.1"
  resolved "https://registry.npmjs.org/strip-ansi/-/strip-ansi-6.0.1.tgz"
  dependencies:
    ansi-regex "^5.0.1"

supports-color@^2.0.0:
  version "2.0.0"
  resolved "https://registry.npmjs.org/supports-color/-/supports-color-2.0.0.tgz"

supports-color@^7.1.0:
  version "7.2.0"
  resolved "https://registry.npmjs.org/supports-color/-/supports-color-7.2.0.tgz"
  dependencies:
    has-flag "^4.0.0"

symbol-observable@1.0.1:
  version "1.0.1"
  resolved "https://registry.npmjs.org/symbol-observable/-/symbol-observable-1.0.1.tgz"

tar-fs@2.1.1:
  version "2.1.1"
  resolved "https://registry.npmjs.org/tar-fs/-/tar-fs-2.1.1.tgz"
  dependencies:
    chownr "^1.1.1"
    mkdirp-classic "^0.5.2"
    pump "^3.0.0"
    tar-stream "^2.1.4"

tar-stream@^2.1.4:
  version "2.2.0"
  resolved "https://registry.npmjs.org/tar-stream/-/tar-stream-2.2.0.tgz"
  dependencies:
    bl "^4.0.3"
    end-of-stream "^1.4.1"
    fs-constants "^1.0.0"
    inherits "^2.0.3"
    readable-stream "^3.1.1"

tfunk@^4.0.0:
  version "4.0.0"
  resolved "https://registry.npmjs.org/tfunk/-/tfunk-4.0.0.tgz"
  dependencies:
    chalk "^1.1.3"
    dlv "^1.1.3"

through@^2.3.8:
  version "2.3.8"
  resolved "https://registry.npmjs.org/through/-/through-2.3.8.tgz"

to-regex-range@^5.0.1:
  version "5.0.1"
  resolved "https://registry.npmjs.org/to-regex-range/-/to-regex-range-5.0.1.tgz"
  dependencies:
    is-number "^7.0.0"

toidentifier@1.0.1:
  version "1.0.1"
  resolved "https://registry.npmjs.org/toidentifier/-/toidentifier-1.0.1.tgz"

tr46@~0.0.3:
  version "0.0.3"
  resolved "https://registry.npmjs.org/tr46/-/tr46-0.0.3.tgz"

typescript@^4.6.2:
  version "4.7.2"
  resolved "https://registry.npmjs.org/typescript/-/typescript-4.7.2.tgz"

ua-parser-js@1.0.2:
  version "1.0.2"
  resolved "https://registry.npmjs.org/ua-parser-js/-/ua-parser-js-1.0.2.tgz"

unbzip2-stream@1.4.3:
  version "1.4.3"
  resolved "https://registry.npmjs.org/unbzip2-stream/-/unbzip2-stream-1.4.3.tgz"
  dependencies:
    buffer "^5.2.1"
    through "^2.3.8"

union@~0.5.0:
  version "0.5.0"
  resolved "https://registry.npmjs.org/union/-/union-0.5.0.tgz"
  dependencies:
    qs "^6.4.0"

universalify@^0.1.0:
  version "0.1.2"
  resolved "https://registry.npmjs.org/universalify/-/universalify-0.1.2.tgz"

unpipe@1.0.0, unpipe@~1.0.0:
  version "1.0.0"
  resolved "https://registry.npmjs.org/unpipe/-/unpipe-1.0.0.tgz"

url-join@^4.0.1:
  version "4.0.1"
  resolved "https://registry.npmjs.org/url-join/-/url-join-4.0.1.tgz"

util-deprecate@^1.0.1:
  version "1.0.2"
  resolved "https://registry.npmjs.org/util-deprecate/-/util-deprecate-1.0.2.tgz"

utils-merge@1.0.1:
  version "1.0.1"
  resolved "https://registry.npmjs.org/utils-merge/-/utils-merge-1.0.1.tgz"

vary@^1:
  version "1.1.2"
  resolved "https://registry.npmjs.org/vary/-/vary-1.1.2.tgz"

webidl-conversions@^3.0.0:
  version "3.0.1"
  resolved "https://registry.npmjs.org/webidl-conversions/-/webidl-conversions-3.0.1.tgz"

whatwg-encoding@^2.0.0:
  version "2.0.0"
  resolved "https://registry.npmjs.org/whatwg-encoding/-/whatwg-encoding-2.0.0.tgz"
  dependencies:
    iconv-lite "0.6.3"

whatwg-url@^5.0.0:
  version "5.0.0"
  resolved "https://registry.npmjs.org/whatwg-url/-/whatwg-url-5.0.0.tgz"
  dependencies:
    tr46 "~0.0.3"
    webidl-conversions "^3.0.0"

wrap-ansi@^7.0.0:
  version "7.0.0"
  resolved "https://registry.npmjs.org/wrap-ansi/-/wrap-ansi-7.0.0.tgz"
  dependencies:
    ansi-styles "^4.0.0"
    string-width "^4.1.0"
    strip-ansi "^6.0.0"

wrappy@1:
  version "1.0.2"
  resolved "https://registry.npmjs.org/wrappy/-/wrappy-1.0.2.tgz"

ws@8.5.0:
  version "8.5.0"
  resolved "https://registry.npmjs.org/ws/-/ws-8.5.0.tgz"

ws@~8.2.3:
  version "8.2.3"
  resolved "https://registry.npmjs.org/ws/-/ws-8.2.3.tgz"

xmlhttprequest-ssl@~2.0.0:
  version "2.0.0"
  resolved "https://registry.npmjs.org/xmlhttprequest-ssl/-/xmlhttprequest-ssl-2.0.0.tgz"

y18n@^5.0.5:
  version "5.0.8"
  resolved "https://registry.npmjs.org/y18n/-/y18n-5.0.8.tgz"

yargs-parser@^20.2.2:
  version "20.2.9"
  resolved "https://registry.npmjs.org/yargs-parser/-/yargs-parser-20.2.9.tgz"

yargs-parser@^21.0.0:
  version "21.0.1"
  resolved "https://registry.npmjs.org/yargs-parser/-/yargs-parser-21.0.1.tgz"

yargs@17.1.1:
  version "17.1.1"
  resolved "https://registry.npmjs.org/yargs/-/yargs-17.1.1.tgz"
  dependencies:
    cliui "^7.0.2"
    escalade "^3.1.1"
    get-caller-file "^2.0.5"
    require-directory "^2.1.1"
    string-width "^4.2.0"
    y18n "^5.0.5"
    yargs-parser "^20.2.2"

yargs@^17.3.1:
  version "17.4.0"
  resolved "https://registry.npmjs.org/yargs/-/yargs-17.4.0.tgz"
  dependencies:
    cliui "^7.0.2"
    escalade "^3.1.1"
    get-caller-file "^2.0.5"
    require-directory "^2.1.1"
    string-width "^4.2.3"
    y18n "^5.0.5"
    yargs-parser "^21.0.0"

yauzl@^2.10.0:
  version "2.10.0"
  resolved "https://registry.npmjs.org/yauzl/-/yauzl-2.10.0.tgz"
  dependencies:
    buffer-crc32 "~0.2.3"
    fd-slicer "~1.1.0"
